Microsoft Visual Studio Solution File, Format Version 12.00
# Visual Studio Version 17
VisualStudioVersion = 17.5.2.0
MinimumVisualStudioVersion = 10.0.40219.1
Project("{FAE04EC0-301F-11D3-BF4B-00C04F79EFBC}") = "Gamerlog-main", "Gamerlog-main\Gamerlog-main.csproj", "{8ECB6837-E762-059F-13A1-1EC6CBE21BFD}"
EndProject
Global
	GlobalSection(SolutionConfigurationPlatforms) = preSolution
		Debug|Any CPU = Debug|Any CPU
		Release|Any CPU = Release|Any CPU
	EndGlobalSection
	GlobalSection(ProjectConfigurationPlatforms) = postSolution
		{8ECB6837-E762-059F-13A1-1EC6CBE21BFD}.Debug|Any CPU.ActiveCfg = Debug|Any CPU
		{8ECB6837-E762-059F-13A1-1EC6CBE21BFD}.Debug|Any CPU.Build.0 = Debug|Any CPU
		{8ECB6837-E762-059F-13A1-1EC6CBE21BFD}.Release|Any CPU.ActiveCfg = Release|Any CPU
		{8ECB6837-E762-059F-13A1-1EC6CBE21BFD}.Release|Any CPU.Build.0 = Release|Any CPU
	EndGlobalSection
	GlobalSection(SolutionProperties) = preSolution
		HideSolutionNode = FALSE
	EndGlobalSection
	GlobalSection(ExtensibilityGlobals) = postSolution
		SolutionGuid = {B927D230-E7FC-4B2A-A2D6-5AFEFC1F457B}
	EndGlobalSection
EndGlobal
